// !$*UTF8*$!
{
	archiveVersion = 1;
	classes = {
	};
	objectVersion = 55;
	objects = {

/* Begin PBXBuildFile section */
		B75A1EA52886ECE80096957A /* ContentView.swift in Sources */ = {isa = PBXBuildFile; fileRef = B75A1EA42886ECE80096957A /* ContentView.swift */; };
		B75A1EA72886F0570096957A /* BackgroundImageView.swift in Sources */ = {isa = PBXBuildFile; fileRef = B75A1EA62886F0570096957A /* BackgroundImageView.swift */; };
		B75A1EAB2889A6500096957A /* GottchaView.swift in Sources */ = {isa = PBXBuildFile; fileRef = B75A1EAA2889A6500096957A /* GottchaView.swift */; };
		B75A1EAD2889A9830096957A /* ArchiveView.swift in Sources */ = {isa = PBXBuildFile; fileRef = B75A1EAC2889A9830096957A /* ArchiveView.swift */; };
		B76C0CB0286B41FE0088F729 /* GottchaApp.swift in Sources */ = {isa = PBXBuildFile; fileRef = B76C0CAF286B41FE0088F729 /* GottchaApp.swift */; };
		B76C0CB4286B42020088F729 /* Assets.xcassets in Resources */ = {isa = PBXBuildFile; fileRef = B76C0CB3286B42020088F729 /* Assets.xcassets */; };
		B76C0CB7286B42020088F729 /* Preview Assets.xcassets in Resources */ = {isa = PBXBuildFile; fileRef = B76C0CB6286B42020088F729 /* Preview Assets.xcassets */; };
		B7A9C186288BD35B00472D10 /* ResultView.swift in Sources */ = {isa = PBXBuildFile; fileRef = B7A9C185288BD35B00472D10 /* ResultView.swift */; };
/* End PBXBuildFile section */

/* Begin PBXFileReference section */
		B75A1EA42886ECE80096957A /* ContentView.swift */ = {isa = PBXFileReference; lastKnownFileType = sourcecode.swift; path = ContentView.swift; sourceTree = "<group>"; };
		B75A1EA62886F0570096957A /* BackgroundImageView.swift */ = {isa = PBXFileReference; lastKnownFileType = sourcecode.swift; path = BackgroundImageView.swift; sourceTree = "<group>"; };
		B75A1EAA2889A6500096957A /* GottchaView.swift */ = {isa = PBXFileReference; lastKnownFileType = sourcecode.swift; path = GottchaView.swift; sourceTree = "<group>"; };
		B75A1EAC2889A9830096957A /* ArchiveView.swift */ = {isa = PBXFileReference; lastKnownFileType = sourcecode.swift; path = ArchiveView.swift; sourceTree = "<group>"; };
		B76C0CAC286B41FE0088F729 /* Gottcha.app */ = {isa = PBXFileReference; explicitFileType = wrapper.application; includeInIndex = 0; path = Gottcha.app; sourceTree = BUILT_PRODUCTS_DIR; };
		B76C0CAF286B41FE0088F729 /* GottchaApp.swift */ = {isa = PBXFileReference; lastKnownFileType = sourcecode.swift; path = GottchaApp.swift; sourceTree = "<group>"; };
		B76C0CB3286B42020088F729 /* Assets.xcassets */ = {isa = PBXFileReference; lastKnownFileType = folder.assetcatalog; path = Assets.xcassets; sourceTree = "<group>"; };
		B76C0CB6286B42020088F729 /* Preview Assets.xcassets */ = {isa = PBXFileReference; lastKnownFileType = folder.assetcatalog; path = "Preview Assets.xcassets"; sourceTree = "<group>"; };
		B7A9C185288BD35B00472D10 /* ResultView.swift */ = {isa = PBXFileReference; lastKnownFileType = sourcecode.swift; path = ResultView.swift; sourceTree = "<group>"; };
/* End PBXFileReference section */

/* Begin PBXFrameworksBuildPhase section */
		B76C0CA9286B41FE0088F729 /* Frameworks */ = {
			isa = PBXFrameworksBuildPhase;
			buildActionMask = 2147483647;
			files = (
			);
			runOnlyForDeploymentPostprocessing = 0;
		};
/* End PBXFrameworksBuildPhase section */

/* Begin PBXGroup section */
		B75A1EA12886E8380096957A /* Views */ = {
			isa = PBXGroup;
			children = (
				B75A1EA42886ECE80096957A /* ContentView.swift */,
				B75A1EAA2889A6500096957A /* GottchaView.swift */,
				B75A1EAC2889A9830096957A /* ArchiveView.swift */,
				B7A9C185288BD35B00472D10 /* ResultView.swift */,
				B75A1EA62886F0570096957A /* BackgroundImageView.swift */,
			);
			path = Views;
			sourceTree = "<group>";
		};
		B75A1EA22886E84F0096957A /* Model */ = {
			isa = PBXGroup;
			children = (
			);
			path = Model;
			sourceTree = "<group>";
		};
		B75A1EA32886E8770096957A /* Resources */ = {
			isa = PBXGroup;
			children = (
			);
			path = Resources;
			sourceTree = "<group>";
		};
		B76C0CA3286B41FE0088F729 = {
			isa = PBXGroup;
			children = (
				B75A1EA32886E8770096957A /* Resources */,
				B75A1EA22886E84F0096957A /* Model */,
				B75A1EA12886E8380096957A /* Views */,
				B76C0CAE286B41FE0088F729 /* Gottcha */,
				B76C0CAD286B41FE0088F729 /* Products */,
			);
			sourceTree = "<group>";
		};
		B76C0CAD286B41FE0088F729 /* Products */ = {
			isa = PBXGroup;
			children = (
				B76C0CAC286B41FE0088F729 /* Gottcha.app */,
			);
			name = Products;
			sourceTree = "<group>";
		};
		B76C0CAE286B41FE0088F729 /* Gottcha */ = {
			isa = PBXGroup;
			children = (
				B76C0CAF286B41FE0088F729 /* GottchaApp.swift */,
				B76C0CB3286B42020088F729 /* Assets.xcassets */,
				B76C0CB5286B42020088F729 /* Preview Content */,
			);
			path = Gottcha;
			sourceTree = "<group>";
		};
		B76C0CB5286B42020088F729 /* Preview Content */ = {
			isa = PBXGroup;
			children = (
				B76C0CB6286B42020088F729 /* Preview Assets.xcassets */,
			);
			path = "Preview Content";
			sourceTree = "<group>";
		};
/* End PBXGroup section */

/* Begin PBXNativeTarget section */
		B76C0CAB286B41FE0088F729 /* Gottcha */ = {
			isa = PBXNativeTarget;
			buildConfigurationList = B76C0CBA286B42020088F729 /* Build configuration list for PBXNativeTarget "Gottcha" */;
			buildPhases = (
				B76C0CA8286B41FE0088F729 /* Sources */,
				B76C0CA9286B41FE0088F729 /* Frameworks */,
				B76C0CAA286B41FE0088F729 /* Resources */,
			);
			buildRules = (
			);
			dependencies = (
			);
			name = Gottcha;
			productName = Gottcha;
			productReference = B76C0CAC286B41FE0088F729 /* Gottcha.app */;
			productType = "com.apple.product-type.application";
		};
/* End PBXNativeTarget section */

/* Begin PBXProject section */
		B76C0CA4286B41FE0088F729 /* Project object */ = {
			isa = PBXProject;
			attributes = {
				BuildIndependentTargetsInParallel = 1;
				LastSwiftUpdateCheck = 1340;
				LastUpgradeCheck = 1340;
				TargetAttributes = {
					B76C0CAB286B41FE0088F729 = {
						CreatedOnToolsVersion = 13.4.1;
					};
				};
			};
			buildConfigurationList = B76C0CA7286B41FE0088F729 /* Build configuration list for PBXProject "Gottcha" */;
			compatibilityVersion = "Xcode 13.0";
			developmentRegion = en;
			hasScannedForEncodings = 0;
			knownRegions = (
				en,
				Base,
			);
			mainGroup = B76C0CA3286B41FE0088F729;
			productRefGroup = B76C0CAD286B41FE0088F729 /* Products */;
			projectDirPath = "";
			projectRoot = "";
			targets = (
				B76C0CAB286B41FE0088F729 /* Gottcha */,
			);
		};
/* End PBXProject section */

/* Begin PBXResourcesBuildPhase section */
		B76C0CAA286B41FE0088F729 /* Resources */ = {
			isa = PBXResourcesBuildPhase;
			buildActionMask = 2147483647;
			files = (
				B76C0CB7286B42020088F729 /* Preview Assets.xcassets in Resources */,
				B76C0CB4286B42020088F729 /* Assets.xcassets in Resources */,
			);
			runOnlyForDeploymentPostprocessing = 0;
		};
/* End PBXResourcesBuildPhase section */

/* Begin PBXSourcesBuildPhase section */
		B76C0CA8286B41FE0088F729 /* Sources */ = {
			isa = PBXSourcesBuildPhase;
			buildActionMask = 2147483647;
			files = (
				B75A1EA72886F0570096957A /* BackgroundImageView.swift in Sources */,
				B75A1EAB2889A6500096957A /* GottchaView.swift in Sources */,
				B75A1EAD2889A9830096957A /* ArchiveView.swift in Sources */,
				B75A1EA52886ECE80096957A /* ContentView.swift in Sources */,
				B76C0CB0286B41FE0088F729 /* GottchaApp.swift in Sources */,
				B7A9C186288BD35B00472D10 /* ResultView.swift in Sources */,
			);
			runOnlyForDeploymentPostprocessing = 0;
		};
/* End PBXSourcesBuildPhase section */

/* Begin XCBuildConfiguration section */
		B76C0CB8286B42020088F729 /* Debug */ = {
			isa = XCBuildConfiguration;
			buildSettings = {
				ALWAYS_SEARCH_USER_PATHS = NO;
				CLANG_ANALYZER_NONNULL = YES;
				CLANG_ANALYZER_NUMBER_OBJECT_CONVERSION = YES_AGGRESSIVE;
				CLANG_CXX_LANGUAGE_STANDARD = "gnu++17";
				CLANG_ENABLE_MODULES = YES;
				CLANG_ENABLE_OBJC_ARC = YES;
				CLANG_ENABLE_OBJC_WEAK = YES;
				CLANG_WARN_BLOCK_CAPTURE_AUTORELEASING = YES;
				CLANG_WARN_BOOL_CONVERSION = YES;
				CLANG_WARN_COMMA = YES;
				CLANG_WARN_CONSTANT_CONVERSION = YES;
				CLANG_WARN_DEPRECATED_OBJC_IMPLEMENTATIONS = YES;
				CLANG_WARN_DIRECT_OBJC_ISA_USAGE = YES_ERROR;
				CLANG_WARN_DOCUMENTATION_COMMENTS = YES;
				CLANG_WARN_EMPTY_BODY = YES;
				CLANG_WARN_ENUM_CONVERSION = YES;
				CLANG_WARN_INFINITE_RECURSION = YES;
				CLANG_WARN_INT_CONVERSION = YES;
				CLANG_WARN_NON_LITERAL_NULL_CONVERSION = YES;
				CLANG_WARN_OBJC_IMPLICIT_RETAIN_SELF = YES;
				CLANG_WARN_OBJC_LITERAL_CONVERSION = YES;
				CLANG_WARN_OBJC_ROOT_CLASS = YES_ERROR;
				CLANG_WARN_QUOTED_INCLUDE_IN_FRAMEWORK_HEADER = YES;
				CLANG_WARN_RANGE_LOOP_ANALYSIS = YES;
				CLANG_WARN_STRICT_PROTOTYPES = YES;
				CLANG_WARN_SUSPICIOUS_MOVE = YES;
				CLANG_WARN_UNGUARDED_AVAILABILITY = YES_AGGRESSIVE;
				CLANG_WARN_UNREACHABLE_CODE = YES;
				CLANG_WARN__DUPLICATE_METHOD_MATCH = YES;
				COPY_PHASE_STRIP = NO;
				DEBUG_INFORMATION_FORMAT = dwarf;
				ENABLE_STRICT_OBJC_MSGSEND = YES;
				ENABLE_TESTABILITY = YES;
				GCC_C_LANGUAGE_STANDARD = gnu11;
				GCC_DYNAMIC_NO_PIC = NO;
				GCC_NO_COMMON_BLOCKS = YES;
				GCC_OPTIMIZATION_LEVEL = 0;
				GCC_PREPROCESSOR_DEFINITIONS = (
					"DEBUG=1",
					"$(inherited)",
				);
				GCC_WARN_64_TO_32_BIT_CONVERSION = YES;
				GCC_WARN_ABOUT_RETURN_TYPE = YES_ERROR;
				GCC_WARN_UNDECLARED_SELECTOR = YES;
				GCC_WARN_UNINITIALIZED_AUTOS = YES_AGGRESSIVE;
				GCC_WARN_UNUSED_FUNCTION = YES;
				GCC_WARN_UNUSED_VARIABLE = YES;
				IPHONEOS_DEPLOYMENT_TARGET = 15.5;
				MTL_ENABLE_DEBUG_INFO = INCLUDE_SOURCE;
				MTL_FAST_MATH = YES;
				ONLY_ACTIVE_ARCH = YES;
				SDKROOT = iphoneos;
				SWIFT_ACTIVE_COMPILATION_CONDITIONS = DEBUG;
				SWIFT_OPTIMIZATION_LEVEL = "-Onone";
			};
			name = Debug;
		};
		B76C0CB9286B42020088F729 /* Release */ = {
			isa = XCBuildConfiguration;
			buildSettings = {
				ALWAYS_SEARCH_USER_PATHS = NO;
				CLANG_ANALYZER_NONNULL = YES;
				CLANG_ANALYZER_NUMBER_OBJECT_CONVERSION = YES_AGGRESSIVE;
				CLANG_CXX_LANGUAGE_STANDARD = "gnu++17";
				CLANG_ENABLE_MODULES = YES;
				CLANG_ENABLE_OBJC_ARC = YES;
				CLANG_ENABLE_OBJC_WEAK = YES;
				CLANG_WARN_BLOCK_CAPTURE_AUTORELEASING = YES;
				CLANG_WARN_BOOL_CONVERSION = YES;
				CLANG_WARN_COMMA = YES;
				CLANG_WARN_CONSTANT_CONVERSION = YES;
				CLANG_WARN_DEPRECATED_OBJC_IMPLEMENTATIONS = YES;
				CLANG_WARN_DIRECT_OBJC_ISA_USAGE = YES_ERROR;
				CLANG_WARN_DOCUMENTATION_COMMENTS = YES;
				CLANG_WARN_EMPTY_BODY = YES;
				CLANG_WARN_ENUM_CONVERSION = YES;
				CLANG_WARN_INFINITE_RECURSION = YES;
				CLANG_WARN_INT_CONVERSION = YES;
				CLANG_WARN_NON_LITERAL_NULL_CONVERSION = YES;
				CLANG_WARN_OBJC_IMPLICIT_RETAIN_SELF = YES;
				CLANG_WARN_OBJC_LITERAL_CONVERSION = YES;
				CLANG_WARN_OBJC_ROOT_CLASS = YES_ERROR;
				CLANG_WARN_QUOTED_INCLUDE_IN_FRAMEWORK_HEADER = YES;
				CLANG_WARN_RANGE_LOOP_ANALYSIS = YES;
				CLANG_WARN_STRICT_PROTOTYPES = YES;
				CLANG_WARN_SUSPICIOUS_MOVE = YES;
				CLANG_WARN_UNGUARDED_AVAILABILITY = YES_AGGRESSIVE;
				CLANG_WARN_UNREACHABLE_CODE = YES;
				CLANG_WARN__DUPLICATE_METHOD_MATCH = YES;
				COPY_PHASE_STRIP = NO;
				DEBUG_INFORMATION_FORMAT = "dwarf-with-dsym";
				ENABLE_NS_ASSERTIONS = NO;
				ENABLE_STRICT_OBJC_MSGSEND = YES;
				GCC_C_LANGUAGE_STANDARD = gnu11;
				GCC_NO_COMMON_BLOCKS = YES;
				GCC_WARN_64_TO_32_BIT_CONVERSION = YES;
				GCC_WARN_ABOUT_RETURN_TYPE = YES_ERROR;
				GCC_WARN_UNDECLARED_SELECTOR = YES;
				GCC_WARN_UNINITIALIZED_AUTOS = YES_AGGRESSIVE;
				GCC_WARN_UNUSED_FUNCTION = YES;
				GCC_WARN_UNUSED_VARIABLE = YES;
				IPHONEOS_DEPLOYMENT_TARGET = 15.5;
				MTL_ENABLE_DEBUG_INFO = NO;
				MTL_FAST_MATH = YES;
				SDKROOT = iphoneos;
				SWIFT_COMPILATION_MODE = wholemodule;
				SWIFT_OPTIMIZATION_LEVEL = "-O";
				VALIDATE_PRODUCT = YES;
			};
			name = Release;
		};
		B76C0CBB286B42020088F729 /* Debug */ = {
			isa = XCBuildConfiguration;
			buildSettings = {
				ASSETCATALOG_COMPILER_APPICON_NAME = AppIcon;
				ASSETCATALOG_COMPILER_GLOBAL_ACCENT_COLOR_NAME = AccentColor;
				CODE_SIGN_STYLE = Automatic;
				CURRENT_PROJECT_VERSION = 1;
				DEVELOPMENT_ASSET_PATHS = "\"Gottcha/Preview Content\"";
				DEVELOPMENT_TEAM = 5227TZ45WY;
				ENABLE_PREVIEWS = YES;
				GENERATE_INFOPLIST_FILE = YES;
				INFOPLIST_KEY_UIApplicationSceneManifest_Generation = YES;
				INFOPLIST_KEY_UIApplicationSupportsIndirectInputEvents = YES;
				INFOPLIST_KEY_UILaunchScreen_Generation = YES;
				INFOPLIST_KEY_UISupportedInterfaceOrientations_iPad = "UIInterfaceOrientationPortrait UIInterfaceOrientationPortraitUpsideDown UIInterfaceOrientationLandscapeLeft UIInterfaceOrientationLandscapeRight";
				INFOPLIST_KEY_UISupportedInterfaceOrientations_iPhone = "UIInterfaceOrientationPortrait UIInterfaceOrientationLandscapeLeft UIInterfaceOrientationLandscapeRight";
				LD_RUNPATH_SEARCH_PATHS = (
					"$(inherited)",
					"@executable_path/Frameworks",
				);
				MARKETING_VERSION = 1.0;
				PRODUCT_BUNDLE_IDENTIFIER = com.jinuk.Gottcha;
				PRODUCT_NAME = "$(TARGET_NAME)";
				SWIFT_EMIT_LOC_STRINGS = YES;
				SWIFT_VERSION = 5.0;
				TARGETED_DEVICE_FAMILY = "1,2";
			};
			name = Debug;
		};
		B76C0CBC286B42020088F729 /* Release */ = {
			isa = XCBuildConfiguration;
			buildSettings = {
				ASSETCATALOG_COMPILER_APPICON_NAME = AppIcon;
				ASSETCATALOG_COMPILER_GLOBAL_ACCENT_COLOR_NAME = AccentColor;
				CODE_SIGN_STYLE = Automatic;
				CURRENT_PROJECT_VERSION = 1;
				DEVELOPMENT_ASSET_PATHS = "\"Gottcha/Preview Content\"";
				DEVELOPMENT_TEAM = 5227TZ45WY;
				ENABLE_PREVIEWS = YES;
				GENERATE_INFOPLIST_FILE = YES;
				INFOPLIST_KEY_UIApplicationSceneManifest_Generation = YES;
				INFOPLIST_KEY_UIApplicationSupportsIndirectInputEvents = YES;
				INFOPLIST_KEY_UILaunchScreen_Generation = YES;
				INFOPLIST_KEY_UISupportedInterfaceOrientations_iPad = "UIInterfaceOrientationPortrait UIInterfaceOrientationPortraitUpsideDown UIInterfaceOrientationLandscapeLeft UIInterfaceOrientationLandscapeRight";
				INFOPLIST_KEY_UISupportedInterfaceOrientations_iPhone = "UIInterfaceOrientationPortrait UIInterfaceOrientationLandscapeLeft UIInterfaceOrientationLandscapeRight";
				LD_RUNPATH_SEARCH_PATHS = (
					"$(inherited)",
					"@executable_path/Frameworks",
				);
				MARKETING_VERSION = 1.0;
				PRODUCT_BUNDLE_IDENTIFIER = com.jinuk.Gottcha;
				PRODUCT_NAME = "$(TARGET_NAME)";
				SWIFT_EMIT_LOC_STRINGS = YES;
				SWIFT_VERSION = 5.0;
				TARGETED_DEVICE_FAMILY = "1,2";
			};
			name = Release;
		};
/* End XCBuildConfiguration section */

/* Begin XCConfigurationList section */
		B76C0CA7286B41FE0088F729 /* Build configuration list for PBXProject "Gottcha" */ = {
			isa = XCConfigurationList;
			buildConfigurations = (
				B76C0CB8286B42020088F729 /* Debug */,
				B76C0CB9286B42020088F729 /* Release */,
			);
			defaultConfigurationIsVisible = 0;
			defaultConfigurationName = Release;
		};
		B76C0CBA286B42020088F729 /* Build configuration list for PBXNativeTarget "Gottcha" */ = {
			isa = XCConfigurationList;
			buildConfigurations = (
				B76C0CBB286B42020088F729 /* Debug */,
				B76C0CBC286B42020088F729 /* Release */,
			);
			defaultConfigurationIsVisible = 0;
			defaultConfigurationName = Release;
		};
/* End XCConfigurationList section */
	};
	rootObject = B76C0CA4286B41FE0088F729 /* Project object */;
}
